
Microsoft Visual Studio Solution File, Format Version 12.00
# Visual Studio Version 17
VisualStudioVersion = 17.0.32014.148
MinimumVisualStudioVersion = 10.0.40219.1
Project("{9A19103F-16F7-4668-BE54-9A1E7A4F7556}") = "ExampleMod", "ExampleMod\ExampleMod.csproj", "{D00AD040-E353-4148-9458-C2EFC61FC52E}"
EndProject
Global
	GlobalSection(SolutionConfigurationPlatforms) = preSolution
		Debu|Any CPU = Debu|Any CPU
		Release|Any CPU = Release|Any CPU
	EndGlobalSection
	GlobalSection(ProjectConfigurationPlatforms) = postSolution
		{D00AD040-E353-4148-9458-C2EFC61FC52E}.Debu|Any CPU.ActiveCfg = Debug|Any CPU
		{D00AD040-E353-4148-9458-C2EFC61FC52E}.Debu|Any CPU.Build.0 = Debug|Any CPU
		{D00AD040-E353-4148-9458-C2EFC61FC52E}.Release|Any CPU.ActiveCfg = Release|Any CPU
		{D00AD040-E353-4148-9458-C2EFC61FC52E}.Release|Any CPU.Build.0 = Release|Any CPU
	EndGlobalSection
	GlobalSection(SolutionProperties) = preSolution
		HideSolutionNode = FALSE
	EndGlobalSection
	GlobalSection(ExtensibilityGlobals) = postSolution
		SolutionGuid = {26A9C8D9-CD9E-4907-B1D7-AE6B516433C9}
	EndGlobalSection
EndGlobal
